
Microsoft Visual Studio Solution File, Format Version 12.00
# Visual Studio 2012
Project("{FAE04EC0-301F-11D3-BF4B-00C04F79EFBC}") = "SeudoBuild.Core", "SeudoBuild.Core\SeudoBuild.Core.csproj", "{96AEC5D7-D646-4A04-8624-383CC86C047C}"
EndProject
Project("{FAE04EC0-301F-11D3-BF4B-00C04F79EFBC}") = "SeudoBuild.Agent", "SeudoBuild.Agent\SeudoBuild.Agent.csproj", "{64E2D8F1-B08C-4B87-A283-252C31693DC6}"
EndProject
Project("{FAE04EC0-301F-11D3-BF4B-00C04F79EFBC}") = "SeudoBuild.Core.Tests", "SeudoBuild.Core.Tests\SeudoBuild.Core.Tests.csproj", "{4A9529A8-F773-4827-BCF4-60B524E6CA52}"
EndProject
Project("{FAE04EC0-301F-11D3-BF4B-00C04F79EFBC}") = "SeudoBuild.Data", "SeudoBuild.Data\SeudoBuild.Data.csproj", "{01882F9A-84F7-494D-9604-633BAA622209}"
EndProject
Project("{2150E333-8FDC-42A3-9474-1A3956D46DE8}") = "Plugins", "Plugins", "{050C779A-572A-4685-B189-D0BABDAE5CD9}"
EndProject
Project("{FAE04EC0-301F-11D3-BF4B-00C04F79EFBC}") = "SeudoBuild.Modules.ZipArchive", "SeudoBuild.Modules.ZipArchive\SeudoBuild.Modules.ZipArchive.csproj", "{73895975-FD53-407B-9F97-E6622BEB1049}"
EndProject
Project("{2150E333-8FDC-42A3-9474-1A3956D46DE8}") = "Archive", "Archive", "{43A74BC8-5A12-4697-81C2-6C1B7B3256C8}"
EndProject
Project("{FAE04EC0-301F-11D3-BF4B-00C04F79EFBC}") = "SeudoBuild.Modules.FolderArchive", "SeudoBuild.Modules.ZipArchive\SeudoBuild.Modules.FolderArchive\SeudoBuild.Modules.FolderArchive.csproj", "{14BCE30B-B04C-4D41-8CBD-5898A5013EAA}"
EndProject
Project("{2150E333-8FDC-42A3-9474-1A3956D46DE8}") = "Notify", "Notify", "{91192B40-56D1-4F58-BC60-1B41269AFB32}"
EndProject
Project("{FAE04EC0-301F-11D3-BF4B-00C04F79EFBC}") = "SeudoBuild.Modules.EmailNotify", "SeudoBuild.Modules.EmailNotify\SeudoBuild.Modules.EmailNotify.csproj", "{D86370C6-FE1E-4677-8D42-9C861C01B47F}"
EndProject
Project("{2150E333-8FDC-42A3-9474-1A3956D46DE8}") = "Source", "Source", "{900780D6-2BCF-45B8-AA48-C03CF745621E}"
EndProject
Project("{FAE04EC0-301F-11D3-BF4B-00C04F79EFBC}") = "SeudoBuild.Modules.GitSource", "SeudoBuild.Modules.GitSource\SeudoBuild.Modules.GitSource.csproj", "{98F1110E-302E-4F6E-99EE-F73118AA8D71}"
EndProject
Project("{2150E333-8FDC-42A3-9474-1A3956D46DE8}") = "Distribute", "Distribute", "{61FB7240-8334-4295-B040-19C9565E4B26}"
EndProject
Project("{FAE04EC0-301F-11D3-BF4B-00C04F79EFBC}") = "SeudoBuild.Modules.FTPDistribute", "SeudoBuild.Modules.FTPDistribute\SeudoBuild.Modules.FTPDistribute.csproj", "{12283418-7700-4402-82F0-AF8567DD80B9}"
EndProject
Project("{FAE04EC0-301F-11D3-BF4B-00C04F79EFBC}") = "SeudoBuild.Modules.SteamDistribute", "SeudoBuild.Modules.FTPDistribute\SeudoBuild.Modules.SteamDistribute\SeudoBuild.Modules.SteamDistribute.csproj", "{6096B113-5817-4CE8-843C-CF5CBA64D655}"
EndProject
Global
	GlobalSection(SolutionConfigurationPlatforms) = preSolution
		Debug|Any CPU = Debug|Any CPU
		Release|Any CPU = Release|Any CPU
	EndGlobalSection
	GlobalSection(ProjectConfigurationPlatforms) = postSolution
		{96AEC5D7-D646-4A04-8624-383CC86C047C}.Debug|Any CPU.ActiveCfg = Debug|Any CPU
		{96AEC5D7-D646-4A04-8624-383CC86C047C}.Debug|Any CPU.Build.0 = Debug|Any CPU
		{96AEC5D7-D646-4A04-8624-383CC86C047C}.Release|Any CPU.ActiveCfg = Release|Any CPU
		{96AEC5D7-D646-4A04-8624-383CC86C047C}.Release|Any CPU.Build.0 = Release|Any CPU
		{64E2D8F1-B08C-4B87-A283-252C31693DC6}.Debug|Any CPU.ActiveCfg = Debug|Any CPU
		{64E2D8F1-B08C-4B87-A283-252C31693DC6}.Debug|Any CPU.Build.0 = Debug|Any CPU
		{64E2D8F1-B08C-4B87-A283-252C31693DC6}.Release|Any CPU.ActiveCfg = Release|Any CPU
		{64E2D8F1-B08C-4B87-A283-252C31693DC6}.Release|Any CPU.Build.0 = Release|Any CPU
		{4A9529A8-F773-4827-BCF4-60B524E6CA52}.Debug|Any CPU.ActiveCfg = Debug|Any CPU
		{4A9529A8-F773-4827-BCF4-60B524E6CA52}.Debug|Any CPU.Build.0 = Debug|Any CPU
		{4A9529A8-F773-4827-BCF4-60B524E6CA52}.Release|Any CPU.ActiveCfg = Release|Any CPU
		{4A9529A8-F773-4827-BCF4-60B524E6CA52}.Release|Any CPU.Build.0 = Release|Any CPU
		{01882F9A-84F7-494D-9604-633BAA622209}.Debug|Any CPU.ActiveCfg = Debug|Any CPU
		{01882F9A-84F7-494D-9604-633BAA622209}.Debug|Any CPU.Build.0 = Debug|Any CPU
		{01882F9A-84F7-494D-9604-633BAA622209}.Release|Any CPU.ActiveCfg = Release|Any CPU
		{01882F9A-84F7-494D-9604-633BAA622209}.Release|Any CPU.Build.0 = Release|Any CPU
		{73895975-FD53-407B-9F97-E6622BEB1049}.Debug|Any CPU.ActiveCfg = Debug|Any CPU
		{73895975-FD53-407B-9F97-E6622BEB1049}.Debug|Any CPU.Build.0 = Debug|Any CPU
		{73895975-FD53-407B-9F97-E6622BEB1049}.Release|Any CPU.ActiveCfg = Release|Any CPU
		{73895975-FD53-407B-9F97-E6622BEB1049}.Release|Any CPU.Build.0 = Release|Any CPU
		{14BCE30B-B04C-4D41-8CBD-5898A5013EAA}.Debug|Any CPU.ActiveCfg = Debug|Any CPU
		{14BCE30B-B04C-4D41-8CBD-5898A5013EAA}.Debug|Any CPU.Build.0 = Debug|Any CPU
		{14BCE30B-B04C-4D41-8CBD-5898A5013EAA}.Release|Any CPU.ActiveCfg = Release|Any CPU
		{14BCE30B-B04C-4D41-8CBD-5898A5013EAA}.Release|Any CPU.Build.0 = Release|Any CPU
		{D86370C6-FE1E-4677-8D42-9C861C01B47F}.Debug|Any CPU.ActiveCfg = Debug|Any CPU
		{D86370C6-FE1E-4677-8D42-9C861C01B47F}.Debug|Any CPU.Build.0 = Debug|Any CPU
		{D86370C6-FE1E-4677-8D42-9C861C01B47F}.Release|Any CPU.ActiveCfg = Release|Any CPU
		{D86370C6-FE1E-4677-8D42-9C861C01B47F}.Release|Any CPU.Build.0 = Release|Any CPU
		{98F1110E-302E-4F6E-99EE-F73118AA8D71}.Debug|Any CPU.ActiveCfg = Debug|Any CPU
		{98F1110E-302E-4F6E-99EE-F73118AA8D71}.Debug|Any CPU.Build.0 = Debug|Any CPU
		{98F1110E-302E-4F6E-99EE-F73118AA8D71}.Release|Any CPU.ActiveCfg = Release|Any CPU
		{98F1110E-302E-4F6E-99EE-F73118AA8D71}.Release|Any CPU.Build.0 = Release|Any CPU
		{12283418-7700-4402-82F0-AF8567DD80B9}.Debug|Any CPU.ActiveCfg = Debug|Any CPU
		{12283418-7700-4402-82F0-AF8567DD80B9}.Debug|Any CPU.Build.0 = Debug|Any CPU
		{12283418-7700-4402-82F0-AF8567DD80B9}.Release|Any CPU.ActiveCfg = Release|Any CPU
		{12283418-7700-4402-82F0-AF8567DD80B9}.Release|Any CPU.Build.0 = Release|Any CPU
		{6096B113-5817-4CE8-843C-CF5CBA64D655}.Debug|Any CPU.ActiveCfg = Debug|Any CPU
		{6096B113-5817-4CE8-843C-CF5CBA64D655}.Debug|Any CPU.Build.0 = Debug|Any CPU
		{6096B113-5817-4CE8-843C-CF5CBA64D655}.Release|Any CPU.ActiveCfg = Release|Any CPU
		{6096B113-5817-4CE8-843C-CF5CBA64D655}.Release|Any CPU.Build.0 = Release|Any CPU
	EndGlobalSection
	GlobalSection(MonoDevelopProperties) = preSolution
		Policies = $0
		$0.DotNetNamingPolicy = $1
		$1.DirectoryNamespaceAssociation = None
		$1.ResourceNamePolicy = FileFormatDefault
		$0.TextStylePolicy = $2
		$2.inheritsSet = VisualStudio
		$2.inheritsScope = text/plain
		$2.scope = text/x-csharp
		$0.CSharpFormattingPolicy = $3
		$3.IndentSwitchSection = True
		$3.NewLinesForBracesInProperties = True
		$3.NewLinesForBracesInAccessors = True
		$3.NewLinesForBracesInAnonymousMethods = True
		$3.NewLinesForBracesInControlBlocks = True
		$3.NewLinesForBracesInAnonymousTypes = True
		$3.NewLinesForBracesInObjectCollectionArrayInitializers = True
		$3.NewLinesForBracesInLambdaExpressionBody = True
		$3.NewLineForElse = True
		$3.NewLineForCatch = True
		$3.NewLineForFinally = True
		$3.NewLineForMembersInObjectInit = True
		$3.NewLineForMembersInAnonymousTypes = True
		$3.NewLineForClausesInQuery = True
		$3.SpacingAfterMethodDeclarationName = False
		$3.SpaceAfterMethodCallName = False
		$3.SpaceBeforeOpenSquareBracket = False
		$3.inheritsSet = Mono
		$3.inheritsScope = text/x-csharp
		$3.scope = text/x-csharp
	EndGlobalSection
	GlobalSection(NestedProjects) = preSolution
		{73895975-FD53-407B-9F97-E6622BEB1049} = {43A74BC8-5A12-4697-81C2-6C1B7B3256C8}
		{43A74BC8-5A12-4697-81C2-6C1B7B3256C8} = {050C779A-572A-4685-B189-D0BABDAE5CD9}
		{14BCE30B-B04C-4D41-8CBD-5898A5013EAA} = {43A74BC8-5A12-4697-81C2-6C1B7B3256C8}
		{91192B40-56D1-4F58-BC60-1B41269AFB32} = {050C779A-572A-4685-B189-D0BABDAE5CD9}
		{D86370C6-FE1E-4677-8D42-9C861C01B47F} = {91192B40-56D1-4F58-BC60-1B41269AFB32}
		{900780D6-2BCF-45B8-AA48-C03CF745621E} = {050C779A-572A-4685-B189-D0BABDAE5CD9}
		{98F1110E-302E-4F6E-99EE-F73118AA8D71} = {900780D6-2BCF-45B8-AA48-C03CF745621E}
		{61FB7240-8334-4295-B040-19C9565E4B26} = {050C779A-572A-4685-B189-D0BABDAE5CD9}
		{12283418-7700-4402-82F0-AF8567DD80B9} = {61FB7240-8334-4295-B040-19C9565E4B26}
		{6096B113-5817-4CE8-843C-CF5CBA64D655} = {61FB7240-8334-4295-B040-19C9565E4B26}
	EndGlobalSection
EndGlobal
