
Microsoft Visual Studio Solution File, Format Version 12.00
# Visual Studio 2012
Project("{FAE04EC0-301F-11D3-BF4B-00C04F79EFBC}") = "SeudoBuild.Core", "SeudoBuild.Core\SeudoBuild.Core.csproj", "{96AEC5D7-D646-4A04-8624-383CC86C047C}"
EndProject
Project("{FAE04EC0-301F-11D3-BF4B-00C04F79EFBC}") = "SeudoBuild.Agent", "SeudoBuild.Agent\SeudoBuild.Agent.csproj", "{64E2D8F1-B08C-4B87-A283-252C31693DC6}"
EndProject
Project("{FAE04EC0-301F-11D3-BF4B-00C04F79EFBC}") = "SeudoBuild.Tests", "SeudoBuild.Core.Tests\SeudoBuild.Tests.csproj", "{4A9529A8-F773-4827-BCF4-60B524E6CA52}"
EndProject
Project("{2150E333-8FDC-42A3-9474-1A3956D46DE8}") = "Pipeline Modules", "Pipeline Modules", "{050C779A-572A-4685-B189-D0BABDAE5CD9}"
EndProject
Project("{FAE04EC0-301F-11D3-BF4B-00C04F79EFBC}") = "SeudoBuild.Pipeline.Modules.ZipArchive", "SeudoBuild.Modules\SeudoBuild.Modules.ZipArchive\SeudoBuild.Pipeline.Modules.ZipArchive.csproj", "{73895975-FD53-407B-9F97-E6622BEB1049}"
EndProject
Project("{2150E333-8FDC-42A3-9474-1A3956D46DE8}") = "Archive", "Archive", "{43A74BC8-5A12-4697-81C2-6C1B7B3256C8}"
EndProject
Project("{FAE04EC0-301F-11D3-BF4B-00C04F79EFBC}") = "SeudoBuild.Pipeline.Modules.FolderArchive", "SeudoBuild.Modules\SeudoBuild.Modules.FolderArchive\SeudoBuild.Pipeline.Modules.FolderArchive.csproj", "{14BCE30B-B04C-4D41-8CBD-5898A5013EAA}"
EndProject
Project("{2150E333-8FDC-42A3-9474-1A3956D46DE8}") = "Notify", "Notify", "{91192B40-56D1-4F58-BC60-1B41269AFB32}"
EndProject
Project("{FAE04EC0-301F-11D3-BF4B-00C04F79EFBC}") = "SeudoBuild.Pipeline.Modules.EmailNotify", "SeudoBuild.Modules\SeudoBuild.Modules.EmailNotify\SeudoBuild.Pipeline.Modules.EmailNotify.csproj", "{D86370C6-FE1E-4677-8D42-9C861C01B47F}"
EndProject
Project("{2150E333-8FDC-42A3-9474-1A3956D46DE8}") = "Source", "Source", "{900780D6-2BCF-45B8-AA48-C03CF745621E}"
EndProject
Project("{FAE04EC0-301F-11D3-BF4B-00C04F79EFBC}") = "SeudoBuild.Pipeline.Modules.GitSource", "SeudoBuild.Modules\SeudoBuild.Modules.GitSource\SeudoBuild.Pipeline.Modules.GitSource.csproj", "{98F1110E-302E-4F6E-99EE-F73118AA8D71}"
EndProject
Project("{2150E333-8FDC-42A3-9474-1A3956D46DE8}") = "Distribute", "Distribute", "{61FB7240-8334-4295-B040-19C9565E4B26}"
EndProject
Project("{FAE04EC0-301F-11D3-BF4B-00C04F79EFBC}") = "SeudoBuild.Pipeilne.Modules.FTPDistribute", "SeudoBuild.Modules\SeudoBuild.Modules.FTPDistribute\SeudoBuild.Pipeilne.Modules.FTPDistribute.csproj", "{12283418-7700-4402-82F0-AF8567DD80B9}"
EndProject
Project("{FAE04EC0-301F-11D3-BF4B-00C04F79EFBC}") = "SeudoBuild.Pipeline.Modules.SteamDistribute", "SeudoBuild.Modules\SeudoBuild.Modules.SteamDistribute\SeudoBuild.Pipeline.Modules.SteamDistribute.csproj", "{6096B113-5817-4CE8-843C-CF5CBA64D655}"
EndProject
Project("{FAE04EC0-301F-11D3-BF4B-00C04F79EFBC}") = "SeudoBuild.Pipeline.Modules.SFTPDistribute", "SeudoBuild.Modules\SeudoBuild.Modules.SFTPDistribute\SeudoBuild.Pipeline.Modules.SFTPDistribute.csproj", "{6E953097-7C24-40D6-8E18-2AF54E32F512}"
EndProject
Project("{2150E333-8FDC-42A3-9474-1A3956D46DE8}") = "Build", "Build", "{AF420A05-83DA-4134-8341-039265759DBC}"
EndProject
Project("{FAE04EC0-301F-11D3-BF4B-00C04F79EFBC}") = "SeudoBuild.Pipeline.Modules.ShellBuild", "SeudoBuild.Modules\SeudoBuild.Modules.ShellBuild\SeudoBuild.Pipeline.Modules.ShellBuild.csproj", "{60677416-FC65-4780-84DC-A1B77DF2DFC1}"
EndProject
Project("{FAE04EC0-301F-11D3-BF4B-00C04F79EFBC}") = "SeudoBuild.Pipeline.Modules.UnityBuild", "SeudoBuild.Modules\SeudoBuild.Modules.UnityBuild\SeudoBuild.Pipeline.Modules.UnityBuild.csproj", "{915EAE8E-A903-4DB6-9BE5-3BA7F684A3BE}"
EndProject
Project("{FAE04EC0-301F-11D3-BF4B-00C04F79EFBC}") = "SeudoBuild.Pipeline.Modules.SMBDistribute", "SeudoBuild.Modules\SeudoBuild.Modules.SMBDistribute\SeudoBuild.Pipeline.Modules.SMBDistribute.csproj", "{AEBB808B-8C51-4273-AC7B-FC585D52CC49}"
EndProject
Project("{FAE04EC0-301F-11D3-BF4B-00C04F79EFBC}") = "SeudoBuild.Client.Unity", "SeudoBuild.Client.Unity\SeudoBuild.Client.Unity.csproj", "{9BCE9E90-7578-47B6-830A-D98E6801041F}"
EndProject
Project("{FAE04EC0-301F-11D3-BF4B-00C04F79EFBC}") = "SeudoBuild.Pipeline.Modules.FolderArchive.Shared", "SeudoBuild.Modules\SeudoBuild.Modules.FolderArchive.Shared\SeudoBuild.Pipeline.Modules.FolderArchive.Shared.csproj", "{F7145A5A-980B-424A-8178-B0FF3988410C}"
EndProject
Project("{FAE04EC0-301F-11D3-BF4B-00C04F79EFBC}") = "SeudoBuild.Pipeline.Modules.ZipArchive.Shared", "SeudoBuild.Modules\SeudoBuild.Modules.ZipArchive.Shared\SeudoBuild.Pipeline.Modules.ZipArchive.Shared.csproj", "{BA8156DD-3699-4184-983C-6EE6C32E2C7C}"
EndProject
Project("{FAE04EC0-301F-11D3-BF4B-00C04F79EFBC}") = "SeudoBuild.Pipeline.Modules.ShellBuild.Shared", "SeudoBuild.Modules\SeudoBuild.Modules.ShellBuild.Shared\SeudoBuild.Pipeline.Modules.ShellBuild.Shared.csproj", "{A83AE4DF-7C67-4B2C-BB57-F66EB562ECED}"
EndProject
Project("{FAE04EC0-301F-11D3-BF4B-00C04F79EFBC}") = "SeudoBuild.Pipeline.Modules.UnityBuild.Shared", "SeudoBuild.Modules\SeudoBuild.Modules.UnityBuild.Shared\SeudoBuild.Pipeline.Modules.UnityBuild.Shared.csproj", "{3D5D25F2-9C3D-4052-9CE9-89C6F2D839AB}"
EndProject
Project("{FAE04EC0-301F-11D3-BF4B-00C04F79EFBC}") = "SeudoBuild.Pipeline.Modules.FTPDistribute.Shared", "SeudoBuild.Modules\SeudoBuild.Modules.FTPDistribute.Shared\SeudoBuild.Pipeline.Modules.FTPDistribute.Shared.csproj", "{720C67C1-8867-4F66-8F3A-EF6703276DB8}"
EndProject
Project("{FAE04EC0-301F-11D3-BF4B-00C04F79EFBC}") = "SeudoBuild.Pipeline.Modules.SFTPDistribute.Shared", "SeudoBuild.Modules\SeudoBuild.Modules.SFTPDistribute.Shared\SeudoBuild.Pipeline.Modules.SFTPDistribute.Shared.csproj", "{238B7129-83B4-4252-B3F7-90EEC88938A0}"
EndProject
Project("{FAE04EC0-301F-11D3-BF4B-00C04F79EFBC}") = "SeudoBuild.Pipeline.Modules.SMBDistribute.Shared", "SeudoBuild.Modules\SeudoBuild.Modules.SMBDistribute.Shared\SeudoBuild.Pipeline.Modules.SMBDistribute.Shared.csproj", "{3B3E5B4C-AB0F-48BA-B264-51E8C4E6324D}"
EndProject
Project("{FAE04EC0-301F-11D3-BF4B-00C04F79EFBC}") = "SeudoBuild.Pipeline.Modules.SteamDistribute.Shared", "SeudoBuild.Modules\SeudoBuild.Modules.SteamDistribute.Shared\SeudoBuild.Pipeline.Modules.SteamDistribute.Shared.csproj", "{24C0EB80-9E8D-4045-B7F5-13D4CC4A4C9E}"
EndProject
Project("{FAE04EC0-301F-11D3-BF4B-00C04F79EFBC}") = "SeudoBuild.Pipeline.Modules.EmailNotify.Shared", "SeudoBuild.Modules\SeudoBuild.Modules.EmailNotify.Shared\SeudoBuild.Pipeline.Modules.EmailNotify.Shared.csproj", "{3C40B876-8BD2-4057-A073-254E6F25E32F}"
EndProject
Project("{FAE04EC0-301F-11D3-BF4B-00C04F79EFBC}") = "SeudoBuild.Pipeline.Modules.GitSource.Shared", "SeudoBuild.Modules\SeudoBuild.Modules.GitSource.Shared\SeudoBuild.Pipeline.Modules.GitSource.Shared.csproj", "{FB9D0644-FFDC-4C77-90BA-15EC44A333F5}"
EndProject
Project("{FAE04EC0-301F-11D3-BF4B-00C04F79EFBC}") = "SeudoBuild.Pipeline", "SeudoBuild.Pipeline\SeudoBuild.Pipeline.csproj", "{3682F0E1-DFF6-4C84-9DE2-0E9E9AE7933B}"
EndProject
Project("{FAE04EC0-301F-11D3-BF4B-00C04F79EFBC}") = "SeudoBuild.Pipeline.Shared", "SeudoBuild.Pipeline.Shared\SeudoBuild.Pipeline.Shared.csproj", "{CE7E1B76-B604-455A-BA80-5CB54DAC389C}"
EndProject
Project("{FAE04EC0-301F-11D3-BF4B-00C04F79EFBC}") = "SeudoBuild.Core.Shared", "SeudoBuild.Core.Shared\SeudoBuild.Core.Shared.csproj", "{2F239808-F280-4A32-B2BB-437A61304BE1}"
EndProject
Project("{2150E333-8FDC-42A3-9474-1A3956D46DE8}") = "Tests", "Tests", "{C56A876C-C89F-41CA-A853-D3CBAD5FDF7B}"
EndProject
Project("{2150E333-8FDC-42A3-9474-1A3956D46DE8}") = "Clients", "Clients", "{269F0074-8DDA-403B-811E-A8C9727AA5A5}"
EndProject
Project("{FAE04EC0-301F-11D3-BF4B-00C04F79EFBC}") = "SeudoBuild.Net", "SeudoBuild.Net\SeudoBuild.Net.csproj", "{8195BBFF-470D-42DF-B46F-C8C97B35CED4}"
EndProject
Project("{2150E333-8FDC-42A3-9474-1A3956D46DE8}") = "Desktop", "Desktop", "{9D67306D-9A30-492B-B54C-764DAAF542BF}"
EndProject
Project("{FAE04EC0-301F-11D3-BF4B-00C04F79EFBC}") = "SeudoBuild.Client.Desktop", "Clients\SeudoBuild.Client.Desktop\SeudoBuild.Client.Desktop.csproj", "{32C8C1CC-C764-43D0-8BD7-34FD86B5E1AF}"
EndProject
Project("{FAE04EC0-301F-11D3-BF4B-00C04F79EFBC}") = "SeudoBuild.Client.Desktop.Windows", "Clients\SeudoBuild.Client.Desktop.Windows\SeudoBuild.Client.Desktop.Windows.csproj", "{5F24B6B8-1990-43D9-9B60-EA221FE0B5D6}"
EndProject
Project("{FAE04EC0-301F-11D3-BF4B-00C04F79EFBC}") = "SeudoBuild.Client.Desktop.Mac", "Clients\SeudoBuild.Client.Desktop.Mac\SeudoBuild.Client.Desktop.Mac.csproj", "{14F31FC9-EF42-4278-99D3-4676105AA3C5}"
EndProject
Global
	GlobalSection(SolutionConfigurationPlatforms) = preSolution
		Debug|Any CPU = Debug|Any CPU
		Release|Any CPU = Release|Any CPU
	EndGlobalSection
	GlobalSection(ProjectConfigurationPlatforms) = postSolution
		{96AEC5D7-D646-4A04-8624-383CC86C047C}.Debug|Any CPU.ActiveCfg = Debug|Any CPU
		{96AEC5D7-D646-4A04-8624-383CC86C047C}.Debug|Any CPU.Build.0 = Debug|Any CPU
		{96AEC5D7-D646-4A04-8624-383CC86C047C}.Release|Any CPU.ActiveCfg = Release|Any CPU
		{96AEC5D7-D646-4A04-8624-383CC86C047C}.Release|Any CPU.Build.0 = Release|Any CPU
		{64E2D8F1-B08C-4B87-A283-252C31693DC6}.Debug|Any CPU.ActiveCfg = Debug|Any CPU
		{64E2D8F1-B08C-4B87-A283-252C31693DC6}.Debug|Any CPU.Build.0 = Debug|Any CPU
		{64E2D8F1-B08C-4B87-A283-252C31693DC6}.Release|Any CPU.ActiveCfg = Release|Any CPU
		{64E2D8F1-B08C-4B87-A283-252C31693DC6}.Release|Any CPU.Build.0 = Release|Any CPU
		{4A9529A8-F773-4827-BCF4-60B524E6CA52}.Debug|Any CPU.ActiveCfg = Debug|Any CPU
		{4A9529A8-F773-4827-BCF4-60B524E6CA52}.Debug|Any CPU.Build.0 = Debug|Any CPU
		{4A9529A8-F773-4827-BCF4-60B524E6CA52}.Release|Any CPU.ActiveCfg = Release|Any CPU
		{4A9529A8-F773-4827-BCF4-60B524E6CA52}.Release|Any CPU.Build.0 = Release|Any CPU
		{73895975-FD53-407B-9F97-E6622BEB1049}.Debug|Any CPU.ActiveCfg = Debug|Any CPU
		{73895975-FD53-407B-9F97-E6622BEB1049}.Debug|Any CPU.Build.0 = Debug|Any CPU
		{73895975-FD53-407B-9F97-E6622BEB1049}.Release|Any CPU.ActiveCfg = Release|Any CPU
		{73895975-FD53-407B-9F97-E6622BEB1049}.Release|Any CPU.Build.0 = Release|Any CPU
		{14BCE30B-B04C-4D41-8CBD-5898A5013EAA}.Debug|Any CPU.ActiveCfg = Debug|Any CPU
		{14BCE30B-B04C-4D41-8CBD-5898A5013EAA}.Debug|Any CPU.Build.0 = Debug|Any CPU
		{14BCE30B-B04C-4D41-8CBD-5898A5013EAA}.Release|Any CPU.ActiveCfg = Release|Any CPU
		{14BCE30B-B04C-4D41-8CBD-5898A5013EAA}.Release|Any CPU.Build.0 = Release|Any CPU
		{D86370C6-FE1E-4677-8D42-9C861C01B47F}.Debug|Any CPU.ActiveCfg = Debug|Any CPU
		{D86370C6-FE1E-4677-8D42-9C861C01B47F}.Debug|Any CPU.Build.0 = Debug|Any CPU
		{D86370C6-FE1E-4677-8D42-9C861C01B47F}.Release|Any CPU.ActiveCfg = Release|Any CPU
		{D86370C6-FE1E-4677-8D42-9C861C01B47F}.Release|Any CPU.Build.0 = Release|Any CPU
		{98F1110E-302E-4F6E-99EE-F73118AA8D71}.Debug|Any CPU.ActiveCfg = Debug|Any CPU
		{98F1110E-302E-4F6E-99EE-F73118AA8D71}.Debug|Any CPU.Build.0 = Debug|Any CPU
		{98F1110E-302E-4F6E-99EE-F73118AA8D71}.Release|Any CPU.ActiveCfg = Release|Any CPU
		{98F1110E-302E-4F6E-99EE-F73118AA8D71}.Release|Any CPU.Build.0 = Release|Any CPU
		{12283418-7700-4402-82F0-AF8567DD80B9}.Debug|Any CPU.ActiveCfg = Debug|Any CPU
		{12283418-7700-4402-82F0-AF8567DD80B9}.Debug|Any CPU.Build.0 = Debug|Any CPU
		{12283418-7700-4402-82F0-AF8567DD80B9}.Release|Any CPU.ActiveCfg = Release|Any CPU
		{12283418-7700-4402-82F0-AF8567DD80B9}.Release|Any CPU.Build.0 = Release|Any CPU
		{6096B113-5817-4CE8-843C-CF5CBA64D655}.Debug|Any CPU.ActiveCfg = Debug|Any CPU
		{6096B113-5817-4CE8-843C-CF5CBA64D655}.Debug|Any CPU.Build.0 = Debug|Any CPU
		{6096B113-5817-4CE8-843C-CF5CBA64D655}.Release|Any CPU.ActiveCfg = Release|Any CPU
		{6096B113-5817-4CE8-843C-CF5CBA64D655}.Release|Any CPU.Build.0 = Release|Any CPU
		{6E953097-7C24-40D6-8E18-2AF54E32F512}.Debug|Any CPU.ActiveCfg = Debug|Any CPU
		{6E953097-7C24-40D6-8E18-2AF54E32F512}.Debug|Any CPU.Build.0 = Debug|Any CPU
		{6E953097-7C24-40D6-8E18-2AF54E32F512}.Release|Any CPU.ActiveCfg = Release|Any CPU
		{6E953097-7C24-40D6-8E18-2AF54E32F512}.Release|Any CPU.Build.0 = Release|Any CPU
		{60677416-FC65-4780-84DC-A1B77DF2DFC1}.Debug|Any CPU.ActiveCfg = Debug|Any CPU
		{60677416-FC65-4780-84DC-A1B77DF2DFC1}.Debug|Any CPU.Build.0 = Debug|Any CPU
		{60677416-FC65-4780-84DC-A1B77DF2DFC1}.Release|Any CPU.ActiveCfg = Release|Any CPU
		{60677416-FC65-4780-84DC-A1B77DF2DFC1}.Release|Any CPU.Build.0 = Release|Any CPU
		{915EAE8E-A903-4DB6-9BE5-3BA7F684A3BE}.Debug|Any CPU.ActiveCfg = Debug|Any CPU
		{915EAE8E-A903-4DB6-9BE5-3BA7F684A3BE}.Debug|Any CPU.Build.0 = Debug|Any CPU
		{915EAE8E-A903-4DB6-9BE5-3BA7F684A3BE}.Release|Any CPU.ActiveCfg = Release|Any CPU
		{915EAE8E-A903-4DB6-9BE5-3BA7F684A3BE}.Release|Any CPU.Build.0 = Release|Any CPU
		{AEBB808B-8C51-4273-AC7B-FC585D52CC49}.Debug|Any CPU.ActiveCfg = Debug|Any CPU
		{AEBB808B-8C51-4273-AC7B-FC585D52CC49}.Debug|Any CPU.Build.0 = Debug|Any CPU
		{AEBB808B-8C51-4273-AC7B-FC585D52CC49}.Release|Any CPU.ActiveCfg = Release|Any CPU
		{AEBB808B-8C51-4273-AC7B-FC585D52CC49}.Release|Any CPU.Build.0 = Release|Any CPU
		{9BCE9E90-7578-47B6-830A-D98E6801041F}.Debug|Any CPU.ActiveCfg = Debug|Any CPU
		{9BCE9E90-7578-47B6-830A-D98E6801041F}.Debug|Any CPU.Build.0 = Debug|Any CPU
		{9BCE9E90-7578-47B6-830A-D98E6801041F}.Release|Any CPU.ActiveCfg = Release|Any CPU
		{9BCE9E90-7578-47B6-830A-D98E6801041F}.Release|Any CPU.Build.0 = Release|Any CPU
		{F7145A5A-980B-424A-8178-B0FF3988410C}.Debug|Any CPU.ActiveCfg = Debug|Any CPU
		{F7145A5A-980B-424A-8178-B0FF3988410C}.Debug|Any CPU.Build.0 = Debug|Any CPU
		{F7145A5A-980B-424A-8178-B0FF3988410C}.Release|Any CPU.ActiveCfg = Release|Any CPU
		{F7145A5A-980B-424A-8178-B0FF3988410C}.Release|Any CPU.Build.0 = Release|Any CPU
		{BA8156DD-3699-4184-983C-6EE6C32E2C7C}.Debug|Any CPU.ActiveCfg = Debug|Any CPU
		{BA8156DD-3699-4184-983C-6EE6C32E2C7C}.Debug|Any CPU.Build.0 = Debug|Any CPU
		{BA8156DD-3699-4184-983C-6EE6C32E2C7C}.Release|Any CPU.ActiveCfg = Release|Any CPU
		{BA8156DD-3699-4184-983C-6EE6C32E2C7C}.Release|Any CPU.Build.0 = Release|Any CPU
		{A83AE4DF-7C67-4B2C-BB57-F66EB562ECED}.Debug|Any CPU.ActiveCfg = Debug|Any CPU
		{A83AE4DF-7C67-4B2C-BB57-F66EB562ECED}.Debug|Any CPU.Build.0 = Debug|Any CPU
		{A83AE4DF-7C67-4B2C-BB57-F66EB562ECED}.Release|Any CPU.ActiveCfg = Release|Any CPU
		{A83AE4DF-7C67-4B2C-BB57-F66EB562ECED}.Release|Any CPU.Build.0 = Release|Any CPU
		{3D5D25F2-9C3D-4052-9CE9-89C6F2D839AB}.Debug|Any CPU.ActiveCfg = Debug|Any CPU
		{3D5D25F2-9C3D-4052-9CE9-89C6F2D839AB}.Debug|Any CPU.Build.0 = Debug|Any CPU
		{3D5D25F2-9C3D-4052-9CE9-89C6F2D839AB}.Release|Any CPU.ActiveCfg = Release|Any CPU
		{3D5D25F2-9C3D-4052-9CE9-89C6F2D839AB}.Release|Any CPU.Build.0 = Release|Any CPU
		{720C67C1-8867-4F66-8F3A-EF6703276DB8}.Debug|Any CPU.ActiveCfg = Debug|Any CPU
		{720C67C1-8867-4F66-8F3A-EF6703276DB8}.Debug|Any CPU.Build.0 = Debug|Any CPU
		{720C67C1-8867-4F66-8F3A-EF6703276DB8}.Release|Any CPU.ActiveCfg = Release|Any CPU
		{720C67C1-8867-4F66-8F3A-EF6703276DB8}.Release|Any CPU.Build.0 = Release|Any CPU
		{238B7129-83B4-4252-B3F7-90EEC88938A0}.Debug|Any CPU.ActiveCfg = Debug|Any CPU
		{238B7129-83B4-4252-B3F7-90EEC88938A0}.Debug|Any CPU.Build.0 = Debug|Any CPU
		{238B7129-83B4-4252-B3F7-90EEC88938A0}.Release|Any CPU.ActiveCfg = Release|Any CPU
		{238B7129-83B4-4252-B3F7-90EEC88938A0}.Release|Any CPU.Build.0 = Release|Any CPU
		{3B3E5B4C-AB0F-48BA-B264-51E8C4E6324D}.Debug|Any CPU.ActiveCfg = Debug|Any CPU
		{3B3E5B4C-AB0F-48BA-B264-51E8C4E6324D}.Debug|Any CPU.Build.0 = Debug|Any CPU
		{3B3E5B4C-AB0F-48BA-B264-51E8C4E6324D}.Release|Any CPU.ActiveCfg = Release|Any CPU
		{3B3E5B4C-AB0F-48BA-B264-51E8C4E6324D}.Release|Any CPU.Build.0 = Release|Any CPU
		{24C0EB80-9E8D-4045-B7F5-13D4CC4A4C9E}.Debug|Any CPU.ActiveCfg = Debug|Any CPU
		{24C0EB80-9E8D-4045-B7F5-13D4CC4A4C9E}.Debug|Any CPU.Build.0 = Debug|Any CPU
		{24C0EB80-9E8D-4045-B7F5-13D4CC4A4C9E}.Release|Any CPU.ActiveCfg = Release|Any CPU
		{24C0EB80-9E8D-4045-B7F5-13D4CC4A4C9E}.Release|Any CPU.Build.0 = Release|Any CPU
		{3C40B876-8BD2-4057-A073-254E6F25E32F}.Debug|Any CPU.ActiveCfg = Debug|Any CPU
		{3C40B876-8BD2-4057-A073-254E6F25E32F}.Debug|Any CPU.Build.0 = Debug|Any CPU
		{3C40B876-8BD2-4057-A073-254E6F25E32F}.Release|Any CPU.ActiveCfg = Release|Any CPU
		{3C40B876-8BD2-4057-A073-254E6F25E32F}.Release|Any CPU.Build.0 = Release|Any CPU
		{FB9D0644-FFDC-4C77-90BA-15EC44A333F5}.Debug|Any CPU.ActiveCfg = Debug|Any CPU
		{FB9D0644-FFDC-4C77-90BA-15EC44A333F5}.Debug|Any CPU.Build.0 = Debug|Any CPU
		{FB9D0644-FFDC-4C77-90BA-15EC44A333F5}.Release|Any CPU.ActiveCfg = Release|Any CPU
		{FB9D0644-FFDC-4C77-90BA-15EC44A333F5}.Release|Any CPU.Build.0 = Release|Any CPU
		{3682F0E1-DFF6-4C84-9DE2-0E9E9AE7933B}.Debug|Any CPU.ActiveCfg = Debug|Any CPU
		{3682F0E1-DFF6-4C84-9DE2-0E9E9AE7933B}.Debug|Any CPU.Build.0 = Debug|Any CPU
		{3682F0E1-DFF6-4C84-9DE2-0E9E9AE7933B}.Release|Any CPU.ActiveCfg = Release|Any CPU
		{3682F0E1-DFF6-4C84-9DE2-0E9E9AE7933B}.Release|Any CPU.Build.0 = Release|Any CPU
		{CE7E1B76-B604-455A-BA80-5CB54DAC389C}.Debug|Any CPU.ActiveCfg = Debug|Any CPU
		{CE7E1B76-B604-455A-BA80-5CB54DAC389C}.Debug|Any CPU.Build.0 = Debug|Any CPU
		{CE7E1B76-B604-455A-BA80-5CB54DAC389C}.Release|Any CPU.ActiveCfg = Release|Any CPU
		{CE7E1B76-B604-455A-BA80-5CB54DAC389C}.Release|Any CPU.Build.0 = Release|Any CPU
		{2F239808-F280-4A32-B2BB-437A61304BE1}.Debug|Any CPU.ActiveCfg = Debug|Any CPU
		{2F239808-F280-4A32-B2BB-437A61304BE1}.Debug|Any CPU.Build.0 = Debug|Any CPU
		{2F239808-F280-4A32-B2BB-437A61304BE1}.Release|Any CPU.ActiveCfg = Release|Any CPU
		{2F239808-F280-4A32-B2BB-437A61304BE1}.Release|Any CPU.Build.0 = Release|Any CPU
		{8195BBFF-470D-42DF-B46F-C8C97B35CED4}.Debug|Any CPU.ActiveCfg = Debug|Any CPU
		{8195BBFF-470D-42DF-B46F-C8C97B35CED4}.Debug|Any CPU.Build.0 = Debug|Any CPU
		{8195BBFF-470D-42DF-B46F-C8C97B35CED4}.Release|Any CPU.ActiveCfg = Release|Any CPU
		{8195BBFF-470D-42DF-B46F-C8C97B35CED4}.Release|Any CPU.Build.0 = Release|Any CPU
		{32C8C1CC-C764-43D0-8BD7-34FD86B5E1AF}.Debug|Any CPU.ActiveCfg = Debug|Any CPU
		{32C8C1CC-C764-43D0-8BD7-34FD86B5E1AF}.Debug|Any CPU.Build.0 = Debug|Any CPU
		{32C8C1CC-C764-43D0-8BD7-34FD86B5E1AF}.Release|Any CPU.ActiveCfg = Release|Any CPU
		{32C8C1CC-C764-43D0-8BD7-34FD86B5E1AF}.Release|Any CPU.Build.0 = Release|Any CPU
		{5F24B6B8-1990-43D9-9B60-EA221FE0B5D6}.Debug|Any CPU.ActiveCfg = Debug|Any CPU
		{5F24B6B8-1990-43D9-9B60-EA221FE0B5D6}.Debug|Any CPU.Build.0 = Debug|Any CPU
		{5F24B6B8-1990-43D9-9B60-EA221FE0B5D6}.Release|Any CPU.ActiveCfg = Release|Any CPU
		{5F24B6B8-1990-43D9-9B60-EA221FE0B5D6}.Release|Any CPU.Build.0 = Release|Any CPU
		{14F31FC9-EF42-4278-99D3-4676105AA3C5}.Debug|Any CPU.ActiveCfg = Debug|Any CPU
		{14F31FC9-EF42-4278-99D3-4676105AA3C5}.Debug|Any CPU.Build.0 = Debug|Any CPU
		{14F31FC9-EF42-4278-99D3-4676105AA3C5}.Release|Any CPU.ActiveCfg = Release|Any CPU
		{14F31FC9-EF42-4278-99D3-4676105AA3C5}.Release|Any CPU.Build.0 = Release|Any CPU
	EndGlobalSection
	GlobalSection(MonoDevelopProperties) = preSolution
		Policies = $0
		$0.DotNetNamingPolicy = $1
		$1.DirectoryNamespaceAssociation = None
		$1.ResourceNamePolicy = FileFormatDefault
		$0.TextStylePolicy = $2
		$2.inheritsSet = VisualStudio
		$2.inheritsScope = text/plain
		$2.scope = text/x-csharp
		$0.CSharpFormattingPolicy = $3
		$3.IndentSwitchSection = True
		$3.NewLinesForBracesInProperties = True
		$3.NewLinesForBracesInAccessors = True
		$3.NewLinesForBracesInAnonymousMethods = True
		$3.NewLinesForBracesInControlBlocks = True
		$3.NewLinesForBracesInAnonymousTypes = True
		$3.NewLinesForBracesInObjectCollectionArrayInitializers = True
		$3.NewLinesForBracesInLambdaExpressionBody = True
		$3.NewLineForElse = True
		$3.NewLineForCatch = True
		$3.NewLineForFinally = True
		$3.NewLineForMembersInObjectInit = True
		$3.NewLineForMembersInAnonymousTypes = True
		$3.NewLineForClausesInQuery = True
		$3.SpacingAfterMethodDeclarationName = False
		$3.SpaceAfterMethodCallName = False
		$3.SpaceBeforeOpenSquareBracket = False
		$3.inheritsSet = Mono
		$3.inheritsScope = text/x-csharp
		$3.scope = text/x-csharp
	EndGlobalSection
	GlobalSection(NestedProjects) = preSolution
		{73895975-FD53-407B-9F97-E6622BEB1049} = {43A74BC8-5A12-4697-81C2-6C1B7B3256C8}
		{43A74BC8-5A12-4697-81C2-6C1B7B3256C8} = {050C779A-572A-4685-B189-D0BABDAE5CD9}
		{14BCE30B-B04C-4D41-8CBD-5898A5013EAA} = {43A74BC8-5A12-4697-81C2-6C1B7B3256C8}
		{91192B40-56D1-4F58-BC60-1B41269AFB32} = {050C779A-572A-4685-B189-D0BABDAE5CD9}
		{D86370C6-FE1E-4677-8D42-9C861C01B47F} = {91192B40-56D1-4F58-BC60-1B41269AFB32}
		{900780D6-2BCF-45B8-AA48-C03CF745621E} = {050C779A-572A-4685-B189-D0BABDAE5CD9}
		{98F1110E-302E-4F6E-99EE-F73118AA8D71} = {900780D6-2BCF-45B8-AA48-C03CF745621E}
		{61FB7240-8334-4295-B040-19C9565E4B26} = {050C779A-572A-4685-B189-D0BABDAE5CD9}
		{12283418-7700-4402-82F0-AF8567DD80B9} = {61FB7240-8334-4295-B040-19C9565E4B26}
		{6096B113-5817-4CE8-843C-CF5CBA64D655} = {61FB7240-8334-4295-B040-19C9565E4B26}
		{6E953097-7C24-40D6-8E18-2AF54E32F512} = {61FB7240-8334-4295-B040-19C9565E4B26}
		{AF420A05-83DA-4134-8341-039265759DBC} = {050C779A-572A-4685-B189-D0BABDAE5CD9}
		{60677416-FC65-4780-84DC-A1B77DF2DFC1} = {AF420A05-83DA-4134-8341-039265759DBC}
		{915EAE8E-A903-4DB6-9BE5-3BA7F684A3BE} = {AF420A05-83DA-4134-8341-039265759DBC}
		{AEBB808B-8C51-4273-AC7B-FC585D52CC49} = {61FB7240-8334-4295-B040-19C9565E4B26}
		{F7145A5A-980B-424A-8178-B0FF3988410C} = {43A74BC8-5A12-4697-81C2-6C1B7B3256C8}
		{BA8156DD-3699-4184-983C-6EE6C32E2C7C} = {43A74BC8-5A12-4697-81C2-6C1B7B3256C8}
		{A83AE4DF-7C67-4B2C-BB57-F66EB562ECED} = {AF420A05-83DA-4134-8341-039265759DBC}
		{3D5D25F2-9C3D-4052-9CE9-89C6F2D839AB} = {AF420A05-83DA-4134-8341-039265759DBC}
		{720C67C1-8867-4F66-8F3A-EF6703276DB8} = {61FB7240-8334-4295-B040-19C9565E4B26}
		{238B7129-83B4-4252-B3F7-90EEC88938A0} = {61FB7240-8334-4295-B040-19C9565E4B26}
		{3B3E5B4C-AB0F-48BA-B264-51E8C4E6324D} = {61FB7240-8334-4295-B040-19C9565E4B26}
		{24C0EB80-9E8D-4045-B7F5-13D4CC4A4C9E} = {61FB7240-8334-4295-B040-19C9565E4B26}
		{3C40B876-8BD2-4057-A073-254E6F25E32F} = {91192B40-56D1-4F58-BC60-1B41269AFB32}
		{FB9D0644-FFDC-4C77-90BA-15EC44A333F5} = {900780D6-2BCF-45B8-AA48-C03CF745621E}
		{4A9529A8-F773-4827-BCF4-60B524E6CA52} = {C56A876C-C89F-41CA-A853-D3CBAD5FDF7B}
		{9BCE9E90-7578-47B6-830A-D98E6801041F} = {269F0074-8DDA-403B-811E-A8C9727AA5A5}
		{9D67306D-9A30-492B-B54C-764DAAF542BF} = {269F0074-8DDA-403B-811E-A8C9727AA5A5}
		{32C8C1CC-C764-43D0-8BD7-34FD86B5E1AF} = {9D67306D-9A30-492B-B54C-764DAAF542BF}
		{5F24B6B8-1990-43D9-9B60-EA221FE0B5D6} = {9D67306D-9A30-492B-B54C-764DAAF542BF}
		{14F31FC9-EF42-4278-99D3-4676105AA3C5} = {9D67306D-9A30-492B-B54C-764DAAF542BF}
	EndGlobalSection
EndGlobal
